<Solution>
    <Folder Name="/src/">
        <Project Path="src/Wlrix.Common/Wlrix.Common.csproj" />
        <Project Path="src/Wlrix.Desks/Wlrix.Desks.csproj" />
        <Project Path="src/Wlrix.Toolchest/Wlrix.Toolchest.csproj" />
        <Project Path="src/Wlrix.Console/Wlrix.Console.csproj" />
        <Project Path="src/Wlrix.Settings.Client/Wlrix.Settings.Client.csproj" />
        <Project Path="src/Wlrix.Theme/Wlrix.Theme.csproj" />
        <Project Path="src/Wlrix.Settings.Keyboard/Wlrix.Settings.Keyboard.csproj" />
        <Project Path="src/Wlrix.Settings.Schemes/Wlrix.Settings.Schemes.csproj" />
        <Project Path="src/Wlrix.Settings.Windows/Wlrix.Settings.Windows.csproj" />
        <Project Path="src/Wlrix.Shutdown/Wlrix.Shutdown.csproj" />
        <Project Path="src/Wlrix.SourcePicker/Wlrix.SourcePicker.csproj" />
        <Project Path="src/Wlrix.SoftwareManager/Wlrix.SoftwareManager.csproj" />
        <Project Path="src/Wlrix.Packages/Wlrix.Packages.csproj" />
        <Project Path="src/Wlrix.Packages.Helper/Wlrix.Packages.Helper.csproj" />
        <Project Path="src/Wlrix.Archiver/Wlrix.Archiver.csproj" />
        <Project Path="src/Wlrix.Files.Core/Wlrix.Files.Core.csproj" />
        <Project Path="src/Wlrix.Files/Wlrix.Files.csproj" />
        <Project Path="src/Wlrix.FilePicker/Wlrix.FilePicker.csproj" />
    </Folder>
    <Folder Name="/tests/">
        <Project Path="tests/Wlrix.Packages.Tests/Wlrix.Packages.Tests.csproj" />
        <Project Path="tests/Wlrix.Toolchest.Tests/Wlrix.Toolchest.Tests.csproj" />
        <Project Path="tests/Wlrix.Archiver.Tests/Wlrix.Archiver.Tests.csproj" />
        <Project Path="tests/Wlrix.Shutdown.Tests/Wlrix.Shutdown.Tests.csproj" />
        <Project Path="tests/Wlrix.Files.Core.Tests/Wlrix.Files.Core.Tests.csproj" />
        <Project Path="tests/Wlrix.Common.Tests/Wlrix.Common.Tests.csproj" />
        <Project Path="tests/Wlrix.Files.Tests/Wlrix.Files.Tests.csproj" />
        <Project Path="tests/Wlrix.Desks.Tests/Wlrix.Desks.Tests.csproj" />
        <Project Path="tests/Wlrix.FilePicker.Tests/Wlrix.FilePicker.Tests.csproj" />
    </Folder>
</Solution>
