<Solution>
    <Folder Name="/src/">
        <Project Path="src/Wlrix.Common/Wlrix.Common.csproj" />
        <Project Path="src/Wlrix.Desks/Wlrix.Desks.csproj" />
        <Project Path="src/Wlrix.Toolchest/Wlrix.Toolchest.csproj" />
        <Project Path="src/Wlrix.Console/Wlrix.Console.csproj" />
        <Project Path="src/Wlrix.Settings.Client/Wlrix.Settings.Client.csproj" />
        <Project Path="src/Wlrix.Settings.Keyboard/Wlrix.Settings.Keyboard.csproj" />
        <Project Path="src/Wlrix.SourcePicker/Wlrix.SourcePicker.csproj" />
    </Folder>
</Solution>
